<Solution>
  <Folder Name="/src/">
    <Project Path="src/Heimdall.Agent/Heimdall.Agent.csproj" />
    <Project Path="src/Heimdall.Api/Heimdall.Api.csproj" />
    <Project Path="src/Heimdall.Shared/Heimdall.Shared.csproj" />
    <Project Path="src/Heimdall.Tools.RemoveSeedDemos/Heimdall.Tools.RemoveSeedDemos.csproj" />
  </Folder>
</Solution>
